
Microsoft Visual Studio Solution File, Format Version 12.00
# Visual Studio Version 17
VisualStudioVersion = 17.10.34928.147
MinimumVisualStudioVersion = 10.0.40219.1
Project("{9A19103F-16F7-4668-BE54-9A1E7A4F7556}") = "MercadoPago.CheckoutAPI", "MercadoPago.CheckoutAPI\MercadoPago.CheckoutAPI.csproj", "{5479E2A3-FC3D-429D-B10B-A44BFA2FD76A}"
EndProject
Project("{2150E333-8FDC-42A3-9474-1A3956D46DE8}") = "src", "src", "{D16ABC86-C048-42EA-8432-0915AF5AA9FD}"
EndProject
Project("{9A19103F-16F7-4668-BE54-9A1E7A4F7556}") = "MercadoPago.CheckoutAPI.Application", "MercadoPago.CheckoutAPI.Application\MercadoPago.CheckoutAPI.Application.csproj", "{0744F14C-9F53-4A9C-B43B-1F05977303C2}"
EndProject
Project("{9A19103F-16F7-4668-BE54-9A1E7A4F7556}") = "MercadoPago.CheckoutAPI.Infrastructure", "MercadoPago.CheckoutAPI.Infrastructure\MercadoPago.CheckoutAPI.Infrastructure.csproj", "{99B00945-B237-4E71-8547-3DF8B3442377}"
EndProject
Project("{9A19103F-16F7-4668-BE54-9A1E7A4F7556}") = "MercadoPago.CheckoutAPI.Domain", "MercadoPago.CheckoutAPI.Domain\MercadoPago.CheckoutAPI.Domain.csproj", "{8AA455B6-30F4-47E6-9212-B5C904AFB1FF}"
EndProject
Project("{9A19103F-16F7-4668-BE54-9A1E7A4F7556}") = "MercadoPago.CheckoutAPI.Utilities", "MercadoPago.CheckoutAPI.Utilities\MercadoPago.CheckoutAPI.Utilities.csproj", "{B9951CB3-728F-43D4-AEE3-35D43259E5F0}"
EndProject
Global
	GlobalSection(SolutionConfigurationPlatforms) = preSolution
		Debug|Any CPU = Debug|Any CPU
		Release|Any CPU = Release|Any CPU
	EndGlobalSection
	GlobalSection(ProjectConfigurationPlatforms) = postSolution
		{5479E2A3-FC3D-429D-B10B-A44BFA2FD76A}.Debug|Any CPU.ActiveCfg = Debug|Any CPU
		{5479E2A3-FC3D-429D-B10B-A44BFA2FD76A}.Debug|Any CPU.Build.0 = Debug|Any CPU
		{5479E2A3-FC3D-429D-B10B-A44BFA2FD76A}.Release|Any CPU.ActiveCfg = Release|Any CPU
		{5479E2A3-FC3D-429D-B10B-A44BFA2FD76A}.Release|Any CPU.Build.0 = Release|Any CPU
		{0744F14C-9F53-4A9C-B43B-1F05977303C2}.Debug|Any CPU.ActiveCfg = Debug|Any CPU
		{0744F14C-9F53-4A9C-B43B-1F05977303C2}.Debug|Any CPU.Build.0 = Debug|Any CPU
		{0744F14C-9F53-4A9C-B43B-1F05977303C2}.Release|Any CPU.ActiveCfg = Release|Any CPU
		{0744F14C-9F53-4A9C-B43B-1F05977303C2}.Release|Any CPU.Build.0 = Release|Any CPU
		{99B00945-B237-4E71-8547-3DF8B3442377}.Debug|Any CPU.ActiveCfg = Debug|Any CPU
		{99B00945-B237-4E71-8547-3DF8B3442377}.Debug|Any CPU.Build.0 = Debug|Any CPU
		{99B00945-B237-4E71-8547-3DF8B3442377}.Release|Any CPU.ActiveCfg = Release|Any CPU
		{99B00945-B237-4E71-8547-3DF8B3442377}.Release|Any CPU.Build.0 = Release|Any CPU
		{8AA455B6-30F4-47E6-9212-B5C904AFB1FF}.Debug|Any CPU.ActiveCfg = Debug|Any CPU
		{8AA455B6-30F4-47E6-9212-B5C904AFB1FF}.Debug|Any CPU.Build.0 = Debug|Any CPU
		{8AA455B6-30F4-47E6-9212-B5C904AFB1FF}.Release|Any CPU.ActiveCfg = Release|Any CPU
		{8AA455B6-30F4-47E6-9212-B5C904AFB1FF}.Release|Any CPU.Build.0 = Release|Any CPU
		{B9951CB3-728F-43D4-AEE3-35D43259E5F0}.Debug|Any CPU.ActiveCfg = Debug|Any CPU
		{B9951CB3-728F-43D4-AEE3-35D43259E5F0}.Debug|Any CPU.Build.0 = Debug|Any CPU
		{B9951CB3-728F-43D4-AEE3-35D43259E5F0}.Release|Any CPU.ActiveCfg = Release|Any CPU
		{B9951CB3-728F-43D4-AEE3-35D43259E5F0}.Release|Any CPU.Build.0 = Release|Any CPU
	EndGlobalSection
	GlobalSection(SolutionProperties) = preSolution
		HideSolutionNode = FALSE
	EndGlobalSection
	GlobalSection(NestedProjects) = preSolution
		{5479E2A3-FC3D-429D-B10B-A44BFA2FD76A} = {D16ABC86-C048-42EA-8432-0915AF5AA9FD}
		{0744F14C-9F53-4A9C-B43B-1F05977303C2} = {D16ABC86-C048-42EA-8432-0915AF5AA9FD}
		{99B00945-B237-4E71-8547-3DF8B3442377} = {D16ABC86-C048-42EA-8432-0915AF5AA9FD}
		{8AA455B6-30F4-47E6-9212-B5C904AFB1FF} = {D16ABC86-C048-42EA-8432-0915AF5AA9FD}
		{B9951CB3-728F-43D4-AEE3-35D43259E5F0} = {D16ABC86-C048-42EA-8432-0915AF5AA9FD}
	EndGlobalSection
	GlobalSection(ExtensibilityGlobals) = postSolution
		SolutionGuid = {6A32BF58-78C0-47FC-9E63-5D5A4923C573}
	EndGlobalSection
EndGlobal
